
Microsoft Visual Studio Solution File, Format Version 12.00
# Visual Studio 2012
Project("{8BC9CEB8-8B4A-11D0-8D11-00A0C91BC942}") = "TridiagonalMatrixSolver", "TridiagonalMatrixSolver\TridiagonalMatrixSolver.vcxproj", "{1C367756-8E1C-4ECF-957C-FAF0E5F50D57}"
EndProject
Project("{8BC9CEB8-8B4A-11D0-8D11-00A0C91BC942}") = "SplitMethod", "SplitMethod\SplitMethod.vcxproj", "{C8443663-AC48-4FFD-9F6C-35EE53198BCC}"
EndProject
Global
	GlobalSection(SolutionConfigurationPlatforms) = preSolution
		Debug|Win32 = Debug|Win32
		Release|Win32 = Release|Win32
	EndGlobalSection
	GlobalSection(ProjectConfigurationPlatforms) = postSolution
		{1C367756-8E1C-4ECF-957C-FAF0E5F50D57}.Debug|Win32.ActiveCfg = Debug|Win32
		{1C367756-8E1C-4ECF-957C-FAF0E5F50D57}.Debug|Win32.Build.0 = Debug|Win32
		{1C367756-8E1C-4ECF-957C-FAF0E5F50D57}.Release|Win32.ActiveCfg = Release|Win32
		{1C367756-8E1C-4ECF-957C-FAF0E5F50D57}.Release|Win32.Build.0 = Release|Win32
		{C8443663-AC48-4FFD-9F6C-35EE53198BCC}.Debug|Win32.ActiveCfg = Debug|Win32
		{C8443663-AC48-4FFD-9F6C-35EE53198BCC}.Debug|Win32.Build.0 = Debug|Win32
		{C8443663-AC48-4FFD-9F6C-35EE53198BCC}.Release|Win32.ActiveCfg = Release|Win32
		{C8443663-AC48-4FFD-9F6C-35EE53198BCC}.Release|Win32.Build.0 = Release|Win32
	EndGlobalSection
	GlobalSection(SolutionProperties) = preSolution
		HideSolutionNode = FALSE
	EndGlobalSection
EndGlobal
